
Microsoft Visual Studio Solution File, Format Version 12.00
# Visual Studio Version 16
VisualStudioVersion = 16.0.28803.352
MinimumVisualStudioVersion = 10.0.40219.1
Project("{FAE04EC0-301F-11D3-BF4B-00C04F79EFBC}") = "WAPI", "WAPI\WAPI.csproj", "{12919639-3D8A-4C8D-AB9C-1F279736C5D1}"
EndProject
Global
	GlobalSection(SolutionConfigurationPlatforms) = preSolution
		Debug|Any CPU = Debug|Any CPU
		Release|Any CPU = Release|Any CPU
	EndGlobalSection
	GlobalSection(ProjectConfigurationPlatforms) = postSolution
		{12919639-3D8A-4C8D-AB9C-1F279736C5D1}.Debug|Any CPU.ActiveCfg = Debug|Any CPU
		{12919639-3D8A-4C8D-AB9C-1F279736C5D1}.Debug|Any CPU.Build.0 = Debug|Any CPU
		{12919639-3D8A-4C8D-AB9C-1F279736C5D1}.Release|Any CPU.ActiveCfg = Release|Any CPU
		{12919639-3D8A-4C8D-AB9C-1F279736C5D1}.Release|Any CPU.Build.0 = Release|Any CPU
	EndGlobalSection
	GlobalSection(SolutionProperties) = preSolution
		HideSolutionNode = FALSE
	EndGlobalSection
	GlobalSection(ExtensibilityGlobals) = postSolution
		SolutionGuid = {4EEB18B3-025E-47DF-AB64-07BD0258B11B}
	EndGlobalSection
EndGlobal
